
Microsoft Visual Studio Solution File, Format Version 12.00
# Visual Studio Version 17
VisualStudioVersion = 17.3.32901.215
MinimumVisualStudioVersion = 10.0.40219.1
Project("{9A19103F-16F7-4668-BE54-9A1E7A4F7556}") = "HotelManagement", "HotelManagement\HotelManagement.csproj", "{C75331AE-2C51-4959-A7BA-6C09A78104EA}"
EndProject
Project("{9A19103F-16F7-4668-BE54-9A1E7A4F7556}") = "Domain", "Domain\Domain.csproj", "{1DE141F6-A560-4452-AFB3-90C4443C25C5}"
EndProject
Project("{9A19103F-16F7-4668-BE54-9A1E7A4F7556}") = "Infrastructure", "Infrastructure\Infrastructure.csproj", "{61A91BF0-2806-4313-8C69-E5B1643C5200}"
EndProject
Project("{FAE04EC0-301F-11D3-BF4B-00C04F79EFBC}") = "Application", "Application\Application.csproj", "{0EA63CB7-4119-42BA-A62A-3A7A11CABC07}"
EndProject
Global
	GlobalSection(SolutionConfigurationPlatforms) = preSolution
		Debug|Any CPU = Debug|Any CPU
		Release|Any CPU = Release|Any CPU
	EndGlobalSection
	GlobalSection(ProjectConfigurationPlatforms) = postSolution
		{C75331AE-2C51-4959-A7BA-6C09A78104EA}.Debug|Any CPU.ActiveCfg = Debug|Any CPU
		{C75331AE-2C51-4959-A7BA-6C09A78104EA}.Debug|Any CPU.Build.0 = Debug|Any CPU
		{C75331AE-2C51-4959-A7BA-6C09A78104EA}.Release|Any CPU.ActiveCfg = Release|Any CPU
		{C75331AE-2C51-4959-A7BA-6C09A78104EA}.Release|Any CPU.Build.0 = Release|Any CPU
		{1DE141F6-A560-4452-AFB3-90C4443C25C5}.Debug|Any CPU.ActiveCfg = Debug|Any CPU
		{1DE141F6-A560-4452-AFB3-90C4443C25C5}.Debug|Any CPU.Build.0 = Debug|Any CPU
		{1DE141F6-A560-4452-AFB3-90C4443C25C5}.Release|Any CPU.ActiveCfg = Release|Any CPU
		{1DE141F6-A560-4452-AFB3-90C4443C25C5}.Release|Any CPU.Build.0 = Release|Any CPU
		{61A91BF0-2806-4313-8C69-E5B1643C5200}.Debug|Any CPU.ActiveCfg = Debug|Any CPU
		{61A91BF0-2806-4313-8C69-E5B1643C5200}.Debug|Any CPU.Build.0 = Debug|Any CPU
		{61A91BF0-2806-4313-8C69-E5B1643C5200}.Release|Any CPU.ActiveCfg = Release|Any CPU
		{61A91BF0-2806-4313-8C69-E5B1643C5200}.Release|Any CPU.Build.0 = Release|Any CPU
		{0EA63CB7-4119-42BA-A62A-3A7A11CABC07}.Debug|Any CPU.ActiveCfg = Debug|Any CPU
		{0EA63CB7-4119-42BA-A62A-3A7A11CABC07}.Debug|Any CPU.Build.0 = Debug|Any CPU
		{0EA63CB7-4119-42BA-A62A-3A7A11CABC07}.Release|Any CPU.ActiveCfg = Release|Any CPU
		{0EA63CB7-4119-42BA-A62A-3A7A11CABC07}.Release|Any CPU.Build.0 = Release|Any CPU
	EndGlobalSection
	GlobalSection(SolutionProperties) = preSolution
		HideSolutionNode = FALSE
	EndGlobalSection
	GlobalSection(ExtensibilityGlobals) = postSolution
		SolutionGuid = {F1708459-741C-4FA2-B4BE-D755950B1892}
	EndGlobalSection
EndGlobal
